github.com/fernet/fernet-go v0.0.0-20211208181803-9f70042a33ee h1:v6Eju/FhxsACGNipFEPBZZAzGr1F/jlRQr1qiBw2nEE=
github.com/fernet/fernet-go v0.0.0-20211208181803-9f70042a33ee/go.mod h1:2H9hjfbpSMHwY503FclkV/lZTBh2YlOmLLSda12uL8c=
github.com/go-sql-driver/mysql v1.7.1 h1:lUIinVbN1DY0xBg0eMOzmmtGoHwWBbvnWubQUrtU8EI=
github.com/go-sql-driver/mysql v1.7.1/go.mod h1:OXbVy3sEdcQ2Doequ6Z5BW6fXNQTmx+9S1MCJN5yJMI=